// !$*UTF8*$!
{
	archiveVersion = 1;
	classes = {
	};
	objectVersion = 50;
	objects = {

/* Begin PBXBuildFile section */
		4C7B793E2105226A002777CE /* AppDelegate.swift in Sources */ = {isa = PBXBuildFile; fileRef = 4C7B793D2105226A002777CE /* AppDelegate.swift */; };
		4C7B79402105226A002777CE /* ViewController.swift in Sources */ = {isa = PBXBuildFile; fileRef = 4C7B793F2105226A002777CE /* ViewController.swift */; };
		4C7B79432105226A002777CE /* Main.storyboard in Resources */ = {isa = PBXBuildFile; fileRef = 4C7B79412105226A002777CE /* Main.storyboard */; };
		4C7B79452105226B002777CE /* Assets.xcassets in Resources */ = {isa = PBXBuildFile; fileRef = 4C7B79442105226B002777CE /* Assets.xcassets */; };
		4C7B79482105226B002777CE /* LaunchScreen.storyboard in Resources */ = {isa = PBXBuildFile; fileRef = 4C7B79462105226B002777CE /* LaunchScreen.storyboard */; };
		4C7B7952210522E6002777CE /* DetailsCollectionViewController.swift in Sources */ = {isa = PBXBuildFile; fileRef = 4C7B7951210522E6002777CE /* DetailsCollectionViewController.swift */; };
		4C7B7954210525C1002777CE /* DetailsViewModel.swift in Sources */ = {isa = PBXBuildFile; fileRef = 4C7B7953210525C1002777CE /* DetailsViewModel.swift */; };
		4C7B795721052D01002777CE /* HeaderCollectionViewCell.swift in Sources */ = {isa = PBXBuildFile; fileRef = 4C7B795521052D01002777CE /* HeaderCollectionViewCell.swift */; };
		4C7B795821052D01002777CE /* HeaderCollectionViewCell.xib in Resources */ = {isa = PBXBuildFile; fileRef = 4C7B795621052D01002777CE /* HeaderCollectionViewCell.xib */; };
		6BB13C562106005300CA18BA /* LabelCollectionViewCell.swift in Sources */ = {isa = PBXBuildFile; fileRef = 6BB13C542106005300CA18BA /* LabelCollectionViewCell.swift */; };
		6BB13C572106005300CA18BA /* LabelCollectionViewCell.xib in Resources */ = {isa = PBXBuildFile; fileRef = 6BB13C552106005300CA18BA /* LabelCollectionViewCell.xib */; };
/* End PBXBuildFile section */

/* Begin PBXFileReference section */
		4C7B793A2105226A002777CE /* CollectionViewDemoApp.app */ = {isa = PBXFileReference; explicitFileType = wrapper.application; includeInIndex = 0; path = CollectionViewDemoApp.app; sourceTree = BUILT_PRODUCTS_DIR; };
		4C7B793D2105226A002777CE /* AppDelegate.swift */ = {isa = PBXFileReference; lastKnownFileType = sourcecode.swift; path = AppDelegate.swift; sourceTree = "<group>"; };
		4C7B793F2105226A002777CE /* ViewController.swift */ = {isa = PBXFileReference; lastKnownFileType = sourcecode.swift; path = ViewController.swift; sourceTree = "<group>"; };
		4C7B79422105226A002777CE /* Base */ = {isa = PBXFileReference; lastKnownFileType = file.storyboard; name = Base; path = Base.lproj/Main.storyboard; sourceTree = "<group>"; };
		4C7B79442105226B002777CE /* Assets.xcassets */ = {isa = PBXFileReference; lastKnownFileType = folder.assetcatalog; path = Assets.xcassets; sourceTree = "<group>"; };
		4C7B79472105226B002777CE /* Base */ = {isa = PBXFileReference; lastKnownFileType = file.storyboard; name = Base; path = Base.lproj/LaunchScreen.storyboard; sourceTree = "<group>"; };
		4C7B79492105226B002777CE /* Info.plist */ = {isa = PBXFileReference; lastKnownFileType = text.plist.xml; path = Info.plist; sourceTree = "<group>"; };
		4C7B7951210522E6002777CE /* DetailsCollectionViewController.swift */ = {isa = PBXFileReference; lastKnownFileType = sourcecode.swift; path = DetailsCollectionViewController.swift; sourceTree = "<group>"; };
		4C7B7953210525C1002777CE /* DetailsViewModel.swift */ = {isa = PBXFileReference; lastKnownFileType = sourcecode.swift; path = DetailsViewModel.swift; sourceTree = "<group>"; };
		4C7B795521052D01002777CE /* HeaderCollectionViewCell.swift */ = {isa = PBXFileReference; lastKnownFileType = sourcecode.swift; path = HeaderCollectionViewCell.swift; sourceTree = "<group>"; };
		4C7B795621052D01002777CE /* HeaderCollectionViewCell.xib */ = {isa = PBXFileReference; lastKnownFileType = file.xib; path = HeaderCollectionViewCell.xib; sourceTree = "<group>"; };
		6BB13C542106005300CA18BA /* LabelCollectionViewCell.swift */ = {isa = PBXFileReference; lastKnownFileType = sourcecode.swift; path = LabelCollectionViewCell.swift; sourceTree = "<group>"; };
		6BB13C552106005300CA18BA /* LabelCollectionViewCell.xib */ = {isa = PBXFileReference; lastKnownFileType = file.xib; path = LabelCollectionViewCell.xib; sourceTree = "<group>"; };
/* End PBXFileReference section */

/* Begin PBXFrameworksBuildPhase section */
		4C7B79372105226A002777CE /* Frameworks */ = {
			isa = PBXFrameworksBuildPhase;
			buildActionMask = 2147483647;
			files = (
			);
			runOnlyForDeploymentPostprocessing = 0;
		};
/* End PBXFrameworksBuildPhase section */

/* Begin PBXGroup section */
		4C7B79312105226A002777CE = {
			isa = PBXGroup;
			children = (
				4C7B793C2105226A002777CE /* CollectionViewDemoApp */,
				4C7B793B2105226A002777CE /* Products */,
			);
			sourceTree = "<group>";
		};
		4C7B793B2105226A002777CE /* Products */ = {
			isa = PBXGroup;
			children = (
				4C7B793A2105226A002777CE /* CollectionViewDemoApp.app */,
			);
			name = Products;
			sourceTree = "<group>";
		};
		4C7B793C2105226A002777CE /* CollectionViewDemoApp */ = {
			isa = PBXGroup;
			children = (
				4C7B794F210522B8002777CE /* CollectionViewBase */,
				4C7B793D2105226A002777CE /* AppDelegate.swift */,
				4C7B793F2105226A002777CE /* ViewController.swift */,
				4C7B79412105226A002777CE /* Main.storyboard */,
				4C7B79442105226B002777CE /* Assets.xcassets */,
				4C7B79462105226B002777CE /* LaunchScreen.storyboard */,
				4C7B79492105226B002777CE /* Info.plist */,
			);
			path = CollectionViewDemoApp;
			sourceTree = "<group>";
		};
		4C7B794F210522B8002777CE /* CollectionViewBase */ = {
			isa = PBXGroup;
			children = (
				4C7B7950210522C9002777CE /* Cells */,
				4C7B7951210522E6002777CE /* DetailsCollectionViewController.swift */,
				4C7B7953210525C1002777CE /* DetailsViewModel.swift */,
			);
			path = CollectionViewBase;
			sourceTree = "<group>";
		};
		4C7B7950210522C9002777CE /* Cells */ = {
			isa = PBXGroup;
			children = (
				4C7B795521052D01002777CE /* HeaderCollectionViewCell.swift */,
				4C7B795621052D01002777CE /* HeaderCollectionViewCell.xib */,
				6BB13C542106005300CA18BA /* LabelCollectionViewCell.swift */,
				6BB13C552106005300CA18BA /* LabelCollectionViewCell.xib */,
			);
			path = Cells;
			sourceTree = "<group>";
		};
/* End PBXGroup section */

/* Begin PBXNativeTarget section */
		4C7B79392105226A002777CE /* CollectionViewDemoApp */ = {
			isa = PBXNativeTarget;
			buildConfigurationList = 4C7B794C2105226B002777CE /* Build configuration list for PBXNativeTarget "CollectionViewDemoApp" */;
			buildPhases = (
				4C7B79362105226A002777CE /* Sources */,
				4C7B79372105226A002777CE /* Frameworks */,
				4C7B79382105226A002777CE /* Resources */,
			);
			buildRules = (
			);
			dependencies = (
			);
			name = CollectionViewDemoApp;
			productName = CollectionViewDemoApp;
			productReference = 4C7B793A2105226A002777CE /* CollectionViewDemoApp.app */;
			productType = "com.apple.product-type.application";
		};
/* End PBXNativeTarget section */

/* Begin PBXProject section */
		4C7B79322105226A002777CE /* Project object */ = {
			isa = PBXProject;
			attributes = {
				LastSwiftUpdateCheck = 0940;
				LastUpgradeCheck = 0940;
				ORGANIZATIONNAME = "Omar Alshammari";
				TargetAttributes = {
					4C7B79392105226A002777CE = {
						CreatedOnToolsVersion = 9.4.1;
					};
				};
			};
			buildConfigurationList = 4C7B79352105226A002777CE /* Build configuration list for PBXProject "CollectionViewDemoApp" */;
			compatibilityVersion = "Xcode 9.3";
			developmentRegion = en;
			hasScannedForEncodings = 0;
			knownRegions = (
				en,
				Base,
			);
			mainGroup = 4C7B79312105226A002777CE;
			productRefGroup = 4C7B793B2105226A002777CE /* Products */;
			projectDirPath = "";
			projectRoot = "";
			targets = (
				4C7B79392105226A002777CE /* CollectionViewDemoApp */,
			);
		};
/* End PBXProject section */

/* Begin PBXResourcesBuildPhase section */
		4C7B79382105226A002777CE /* Resources */ = {
			isa = PBXResourcesBuildPhase;
			buildActionMask = 2147483647;
			files = (
				4C7B79482105226B002777CE /* LaunchScreen.storyboard in Resources */,
				4C7B795821052D01002777CE /* HeaderCollectionViewCell.xib in Resources */,
				4C7B79452105226B002777CE /* Assets.xcassets in Resources */,
				4C7B79432105226A002777CE /* Main.storyboard in Resources */,
				6BB13C572106005300CA18BA /* LabelCollectionViewCell.xib in Resources */,
			);
			runOnlyForDeploymentPostprocessing = 0;
		};
/* End PBXResourcesBuildPhase section */

/* Begin PBXSourcesBuildPhase section */
		4C7B79362105226A002777CE /* Sources */ = {
			isa = PBXSourcesBuildPhase;
			buildActionMask = 2147483647;
			files = (
				4C7B7952210522E6002777CE /* DetailsCollectionViewController.swift in Sources */,
				4C7B79402105226A002777CE /* ViewController.swift in Sources */,
				4C7B795721052D01002777CE /* HeaderCollectionViewCell.swift in Sources */,
				6BB13C562106005300CA18BA /* LabelCollectionViewCell.swift in Sources */,
				4C7B793E2105226A002777CE /* AppDelegate.swift in Sources */,
				4C7B7954210525C1002777CE /* DetailsViewModel.swift in Sources */,
			);
			runOnlyForDeploymentPostprocessing = 0;
		};
/* End PBXSourcesBuildPhase section */

/* Begin PBXVariantGroup section */
		4C7B79412105226A002777CE /* Main.storyboard */ = {
			isa = PBXVariantGroup;
			children = (
				4C7B79422105226A002777CE /* Base */,
			);
			name = Main.storyboard;
			sourceTree = "<group>";
		};
		4C7B79462105226B002777CE /* LaunchScreen.storyboard */ = {
			isa = PBXVariantGroup;
			children = (
				4C7B79472105226B002777CE /* Base */,
			);
			name = LaunchScreen.storyboard;
			sourceTree = "<group>";
		};
/* End PBXVariantGroup section */

/* Begin XCBuildConfiguration section */
		4C7B794A2105226B002777CE /* Debug */ = {
			isa = XCBuildConfiguration;
			buildSettings = {
				ALWAYS_SEARCH_USER_PATHS = NO;
				CLANG_ANALYZER_NONNULL = YES;
				CLANG_ANALYZER_NUMBER_OBJECT_CONVERSION = YES_AGGRESSIVE;
				CLANG_CXX_LANGUAGE_STANDARD = "gnu++14";
				CLANG_CXX_LIBRARY = "libc++";
				CLANG_ENABLE_MODULES = YES;
				CLANG_ENABLE_OBJC_ARC = YES;
				CLANG_ENABLE_OBJC_WEAK = YES;
				CLANG_WARN_BLOCK_CAPTURE_AUTORELEASING = YES;
				CLANG_WARN_BOOL_CONVERSION = YES;
				CLANG_WARN_COMMA = YES;
				CLANG_WARN_CONSTANT_CONVERSION = YES;
				CLANG_WARN_DEPRECATED_OBJC_IMPLEMENTATIONS = YES;
				CLANG_WARN_DIRECT_OBJC_ISA_USAGE = YES_ERROR;
				CLANG_WARN_DOCUMENTATION_COMMENTS = YES;
				CLANG_WARN_EMPTY_BODY = YES;
				CLANG_WARN_ENUM_CONVERSION = YES;
				CLANG_WARN_INFINITE_RECURSION = YES;
				CLANG_WARN_INT_CONVERSION = YES;
				CLANG_WARN_NON_LITERAL_NULL_CONVERSION = YES;
				CLANG_WARN_OBJC_IMPLICIT_RETAIN_SELF = YES;
				CLANG_WARN_OBJC_LITERAL_CONVERSION = YES;
				CLANG_WARN_OBJC_ROOT_CLASS = YES_ERROR;
				CLANG_WARN_RANGE_LOOP_ANALYSIS = YES;
				CLANG_WARN_STRICT_PROTOTYPES = YES;
				CLANG_WARN_SUSPICIOUS_MOVE = YES;
				CLANG_WARN_UNGUARDED_AVAILABILITY = YES_AGGRESSIVE;
				CLANG_WARN_UNREACHABLE_CODE = YES;
				CLANG_WARN__DUPLICATE_METHOD_MATCH = YES;
				CODE_SIGN_IDENTITY = "iPhone Developer";
				COPY_PHASE_STRIP = NO;
				DEBUG_INFORMATION_FORMAT = dwarf;
				ENABLE_STRICT_OBJC_MSGSEND = YES;
				ENABLE_TESTABILITY = YES;
				GCC_C_LANGUAGE_STANDARD = gnu11;
				GCC_DYNAMIC_NO_PIC = NO;
				GCC_NO_COMMON_BLOCKS = YES;
				GCC_OPTIMIZATION_LEVEL = 0;
				GCC_PREPROCESSOR_DEFINITIONS = (
					"DEBUG=1",
					"$(inherited)",
				);
				GCC_WARN_64_TO_32_BIT_CONVERSION = YES;
				GCC_WARN_ABOUT_RETURN_TYPE = YES_ERROR;
				GCC_WARN_UNDECLARED_SELECTOR = YES;
				GCC_WARN_UNINITIALIZED_AUTOS = YES_AGGRESSIVE;
				GCC_WARN_UNUSED_FUNCTION = YES;
				GCC_WARN_UNUSED_VARIABLE = YES;
				IPHONEOS_DEPLOYMENT_TARGET = 11.4;
				MTL_ENABLE_DEBUG_INFO = YES;
				ONLY_ACTIVE_ARCH = YES;
				SDKROOT = iphoneos;
				SWIFT_ACTIVE_COMPILATION_CONDITIONS = DEBUG;
				SWIFT_OPTIMIZATION_LEVEL = "-Onone";
			};
			name = Debug;
		};
		4C7B794B2105226B002777CE /* Release */ = {
			isa = XCBuildConfiguration;
			buildSettings = {
				ALWAYS_SEARCH_USER_PATHS = NO;
				CLANG_ANALYZER_NONNULL = YES;
				CLANG_ANALYZER_NUMBER_OBJECT_CONVERSION = YES_AGGRESSIVE;
				CLANG_CXX_LANGUAGE_STANDARD = "gnu++14";
				CLANG_CXX_LIBRARY = "libc++";
				CLANG_ENABLE_MODULES = YES;
				CLANG_ENABLE_OBJC_ARC = YES;
				CLANG_ENABLE_OBJC_WEAK = YES;
				CLANG_WARN_BLOCK_CAPTURE_AUTORELEASING = YES;
				CLANG_WARN_BOOL_CONVERSION = YES;
				CLANG_WARN_COMMA = YES;
				CLANG_WARN_CONSTANT_CONVERSION = YES;
				CLANG_WARN_DEPRECATED_OBJC_IMPLEMENTATIONS = YES;
				CLANG_WARN_DIRECT_OBJC_ISA_USAGE = YES_ERROR;
				CLANG_WARN_DOCUMENTATION_COMMENTS = YES;
				CLANG_WARN_EMPTY_BODY = YES;
				CLANG_WARN_ENUM_CONVERSION = YES;
				CLANG_WARN_INFINITE_RECURSION = YES;
				CLANG_WARN_INT_CONVERSION = YES;
				CLANG_WARN_NON_LITERAL_NULL_CONVERSION = YES;
				CLANG_WARN_OBJC_IMPLICIT_RETAIN_SELF = YES;
				CLANG_WARN_OBJC_LITERAL_CONVERSION = YES;
				CLANG_WARN_OBJC_ROOT_CLASS = YES_ERROR;
				CLANG_WARN_RANGE_LOOP_ANALYSIS = YES;
				CLANG_WARN_STRICT_PROTOTYPES = YES;
				CLANG_WARN_SUSPICIOUS_MOVE = YES;
				CLANG_WARN_UNGUARDED_AVAILABILITY = YES_AGGRESSIVE;
				CLANG_WARN_UNREACHABLE_CODE = YES;
				CLANG_WARN__DUPLICATE_METHOD_MATCH = YES;
				CODE_SIGN_IDENTITY = "iPhone Developer";
				COPY_PHASE_STRIP = NO;
				DEBUG_INFORMATION_FORMAT = "dwarf-with-dsym";
				ENABLE_NS_ASSERTIONS = NO;
				ENABLE_STRICT_OBJC_MSGSEND = YES;
				GCC_C_LANGUAGE_STANDARD = gnu11;
				GCC_NO_COMMON_BLOCKS = YES;
				GCC_WARN_64_TO_32_BIT_CONVERSION = YES;
				GCC_WARN_ABOUT_RETURN_TYPE = YES_ERROR;
				GCC_WARN_UNDECLARED_SELECTOR = YES;
				GCC_WARN_UNINITIALIZED_AUTOS = YES_AGGRESSIVE;
				GCC_WARN_UNUSED_FUNCTION = YES;
				GCC_WARN_UNUSED_VARIABLE = YES;
				IPHONEOS_DEPLOYMENT_TARGET = 11.4;
				MTL_ENABLE_DEBUG_INFO = NO;
				SDKROOT = iphoneos;
				SWIFT_COMPILATION_MODE = wholemodule;
				SWIFT_OPTIMIZATION_LEVEL = "-O";
				VALIDATE_PRODUCT = YES;
			};
			name = Release;
		};
		4C7B794D2105226B002777CE /* Debug */ = {
			isa = XCBuildConfiguration;
			buildSettings = {
				ASSETCATALOG_COMPILER_APPICON_NAME = AppIcon;
				CODE_SIGN_STYLE = Automatic;
				DEVELOPMENT_TEAM = 3S846UE5F8;
				INFOPLIST_FILE = CollectionViewDemoApp/Info.plist;
				LD_RUNPATH_SEARCH_PATHS = (
					"$(inherited)",
					"@executable_path/Frameworks",
				);
				PRODUCT_BUNDLE_IDENTIFIER = com.omaarr90.CollectionViewDemoApp;
				PRODUCT_NAME = "$(TARGET_NAME)";
				SWIFT_VERSION = 4.0;
				TARGETED_DEVICE_FAMILY = "1,2";
			};
			name = Debug;
		};
		4C7B794E2105226B002777CE /* Release */ = {
			isa = XCBuildConfiguration;
			buildSettings = {
				ASSETCATALOG_COMPILER_APPICON_NAME = AppIcon;
				CODE_SIGN_STYLE = Automatic;
				DEVELOPMENT_TEAM = 3S846UE5F8;
				INFOPLIST_FILE = CollectionViewDemoApp/Info.plist;
				LD_RUNPATH_SEARCH_PATHS = (
					"$(inherited)",
					"@executable_path/Frameworks",
				);
				PRODUCT_BUNDLE_IDENTIFIER = com.omaarr90.CollectionViewDemoApp;
				PRODUCT_NAME = "$(TARGET_NAME)";
				SWIFT_VERSION = 4.0;
				TARGETED_DEVICE_FAMILY = "1,2";
			};
			name = Release;
		};
/* End XCBuildConfiguration section */

/* Begin XCConfigurationList section */
		4C7B79352105226A002777CE /* Build configuration list for PBXProject "CollectionViewDemoApp" */ = {
			isa = XCConfigurationList;
			buildConfigurations = (
				4C7B794A2105226B002777CE /* Debug */,
				4C7B794B2105226B002777CE /* Release */,
			);
			defaultConfigurationIsVisible = 0;
			defaultConfigurationName = Release;
		};
		4C7B794C2105226B002777CE /* Build configuration list for PBXNativeTarget "CollectionViewDemoApp" */ = {
			isa = XCConfigurationList;
			buildConfigurations = (
				4C7B794D2105226B002777CE /* Debug */,
				4C7B794E2105226B002777CE /* Release */,
			);
			defaultConfigurationIsVisible = 0;
			defaultConfigurationName = Release;
		};
/* End XCConfigurationList section */
	};
	rootObject = 4C7B79322105226A002777CE /* Project object */;
}
